// !$*UTF8*$!
{
	archiveVersion = 1;
	classes = {
	};
	objectVersion = 56;
	objects = {

/* Begin PBXBuildFile section */
		1E5AEF9B2A26D56400C1C2C3 /* Users.swift in Sources */ = {isa = PBXBuildFile; fileRef = 1E5AEF9A2A26D56400C1C2C3 /* Users.swift */; };
		1E5AEF9D2A26D8CE00C1C2C3 /* Network.swift in Sources */ = {isa = PBXBuildFile; fileRef = 1E5AEF9C2A26D8CE00C1C2C3 /* Network.swift */; };
		1E5DCD1A2A226D3600F54CFA /* GFButton.swift in Sources */ = {isa = PBXBuildFile; fileRef = 1E5DCD192A226D3600F54CFA /* GFButton.swift */; };
		1E5DCD1C2A2270B700F54CFA /* GFLabel.swift in Sources */ = {isa = PBXBuildFile; fileRef = 1E5DCD1B2A2270B700F54CFA /* GFLabel.swift */; };
		1E5DCD1F2A2280CF00F54CFA /* SearchViewController.swift in Sources */ = {isa = PBXBuildFile; fileRef = 1E5DCD1E2A2280CF00F54CFA /* SearchViewController.swift */; };
		1E5DCD212A2282E300F54CFA /* GFTextField.swift in Sources */ = {isa = PBXBuildFile; fileRef = 1E5DCD202A2282E300F54CFA /* GFTextField.swift */; };
		1E5DCD242A22876C00F54CFA /* FaviourateViewController.swift in Sources */ = {isa = PBXBuildFile; fileRef = 1E5DCD232A22876B00F54CFA /* FaviourateViewController.swift */; };
		1E63CED42A26C1D100E39F32 /* UIImage.Generated.swift in Sources */ = {isa = PBXBuildFile; fileRef = 1E63CED32A26C1D100E39F32 /* UIImage.Generated.swift */; };
		1E9AB3202A1C0C7600144D69 /* Fonts.swift in Sources */ = {isa = PBXBuildFile; fileRef = 1E9AB31F2A1C0C7600144D69 /* Fonts.swift */; };
		1EE4CAC92A190B64005E6896 /* AppDelegate.swift in Sources */ = {isa = PBXBuildFile; fileRef = 1EE4CAC82A190B64005E6896 /* AppDelegate.swift */; };
		1EE4CACB2A190B64005E6896 /* SceneDelegate.swift in Sources */ = {isa = PBXBuildFile; fileRef = 1EE4CACA2A190B64005E6896 /* SceneDelegate.swift */; };
		1EE4CAD52A190B67005E6896 /* Assets.xcassets in Resources */ = {isa = PBXBuildFile; fileRef = 1EE4CAD42A190B67005E6896 /* Assets.xcassets */; };
		1EE4CAE32A190B67005E6896 /* GitFollowersTests.swift in Sources */ = {isa = PBXBuildFile; fileRef = 1EE4CAE22A190B67005E6896 /* GitFollowersTests.swift */; };
		1EE4CAED2A190B67005E6896 /* GitFollowersUITests.swift in Sources */ = {isa = PBXBuildFile; fileRef = 1EE4CAEC2A190B67005E6896 /* GitFollowersUITests.swift */; };
		1EE4CAEF2A190B67005E6896 /* GitFollowersUITestsLaunchTests.swift in Sources */ = {isa = PBXBuildFile; fileRef = 1EE4CAEE2A190B67005E6896 /* GitFollowersUITestsLaunchTests.swift */; };
/* End PBXBuildFile section */

/* Begin PBXContainerItemProxy section */
		1EE4CADF2A190B67005E6896 /* PBXContainerItemProxy */ = {
			isa = PBXContainerItemProxy;
			containerPortal = 1EE4CABD2A190B64005E6896 /* Project object */;
			proxyType = 1;
			remoteGlobalIDString = 1EE4CAC42A190B64005E6896;
			remoteInfo = GitFollowers;
		};
		1EE4CAE92A190B67005E6896 /* PBXContainerItemProxy */ = {
			isa = PBXContainerItemProxy;
			containerPortal = 1EE4CABD2A190B64005E6896 /* Project object */;
			proxyType = 1;
			remoteGlobalIDString = 1EE4CAC42A190B64005E6896;
			remoteInfo = GitFollowers;
		};
/* End PBXContainerItemProxy section */

/* Begin PBXFileReference section */
		1E5AEF9A2A26D56400C1C2C3 /* Users.swift */ = {isa = PBXFileReference; lastKnownFileType = sourcecode.swift; path = Users.swift; sourceTree = "<group>"; };
		1E5AEF9C2A26D8CE00C1C2C3 /* Network.swift */ = {isa = PBXFileReference; lastKnownFileType = sourcecode.swift; path = Network.swift; sourceTree = "<group>"; };
		1E5DCD192A226D3600F54CFA /* GFButton.swift */ = {isa = PBXFileReference; lastKnownFileType = sourcecode.swift; path = GFButton.swift; sourceTree = "<group>"; };
		1E5DCD1B2A2270B700F54CFA /* GFLabel.swift */ = {isa = PBXFileReference; lastKnownFileType = sourcecode.swift; path = GFLabel.swift; sourceTree = "<group>"; };
		1E5DCD1E2A2280CF00F54CFA /* SearchViewController.swift */ = {isa = PBXFileReference; lastKnownFileType = sourcecode.swift; path = SearchViewController.swift; sourceTree = "<group>"; };
		1E5DCD202A2282E300F54CFA /* GFTextField.swift */ = {isa = PBXFileReference; lastKnownFileType = sourcecode.swift; path = GFTextField.swift; sourceTree = "<group>"; };
		1E5DCD232A22876B00F54CFA /* FaviourateViewController.swift */ = {isa = PBXFileReference; lastKnownFileType = sourcecode.swift; path = FaviourateViewController.swift; sourceTree = "<group>"; };
		1E63CED32A26C1D100E39F32 /* UIImage.Generated.swift */ = {isa = PBXFileReference; lastKnownFileType = sourcecode.swift; path = UIImage.Generated.swift; sourceTree = "<group>"; };
		1E9AB31F2A1C0C7600144D69 /* Fonts.swift */ = {isa = PBXFileReference; fileEncoding = 4; lastKnownFileType = sourcecode.swift; path = Fonts.swift; sourceTree = "<group>"; };
		1EE4CAC52A190B64005E6896 /* GitFollowers.app */ = {isa = PBXFileReference; explicitFileType = wrapper.application; includeInIndex = 0; path = GitFollowers.app; sourceTree = BUILT_PRODUCTS_DIR; };
		1EE4CAC82A190B64005E6896 /* AppDelegate.swift */ = {isa = PBXFileReference; lastKnownFileType = sourcecode.swift; path = AppDelegate.swift; sourceTree = "<group>"; };
		1EE4CACA2A190B64005E6896 /* SceneDelegate.swift */ = {isa = PBXFileReference; lastKnownFileType = sourcecode.swift; path = SceneDelegate.swift; sourceTree = "<group>"; };
		1EE4CAD42A190B67005E6896 /* Assets.xcassets */ = {isa = PBXFileReference; lastKnownFileType = folder.assetcatalog; path = Assets.xcassets; sourceTree = "<group>"; };
		1EE4CAD92A190B67005E6896 /* Info.plist */ = {isa = PBXFileReference; lastKnownFileType = text.plist.xml; path = Info.plist; sourceTree = "<group>"; };
		1EE4CADE2A190B67005E6896 /* GitFollowersTests.xctest */ = {isa = PBXFileReference; explicitFileType = wrapper.cfbundle; includeInIndex = 0; path = GitFollowersTests.xctest; sourceTree = BUILT_PRODUCTS_DIR; };
		1EE4CAE22A190B67005E6896 /* GitFollowersTests.swift */ = {isa = PBXFileReference; lastKnownFileType = sourcecode.swift; path = GitFollowersTests.swift; sourceTree = "<group>"; };
		1EE4CAE82A190B67005E6896 /* GitFollowersUITests.xctest */ = {isa = PBXFileReference; explicitFileType = wrapper.cfbundle; includeInIndex = 0; path = GitFollowersUITests.xctest; sourceTree = BUILT_PRODUCTS_DIR; };
		1EE4CAEC2A190B67005E6896 /* GitFollowersUITests.swift */ = {isa = PBXFileReference; lastKnownFileType = sourcecode.swift; path = GitFollowersUITests.swift; sourceTree = "<group>"; };
		1EE4CAEE2A190B67005E6896 /* GitFollowersUITestsLaunchTests.swift */ = {isa = PBXFileReference; lastKnownFileType = sourcecode.swift; path = GitFollowersUITestsLaunchTests.swift; sourceTree = "<group>"; };
/* End PBXFileReference section */

/* Begin PBXFrameworksBuildPhase section */
		1EE4CAC22A190B64005E6896 /* Frameworks */ = {
			isa = PBXFrameworksBuildPhase;
			buildActionMask = 2147483647;
			files = (
			);
			runOnlyForDeploymentPostprocessing = 0;
		};
		1EE4CADB2A190B67005E6896 /* Frameworks */ = {
			isa = PBXFrameworksBuildPhase;
			buildActionMask = 2147483647;
			files = (
			);
			runOnlyForDeploymentPostprocessing = 0;
		};
		1EE4CAE52A190B67005E6896 /* Frameworks */ = {
			isa = PBXFrameworksBuildPhase;
			buildActionMask = 2147483647;
			files = (
			);
			runOnlyForDeploymentPostprocessing = 0;
		};
/* End PBXFrameworksBuildPhase section */

/* Begin PBXGroup section */
		1E5AEF992A26D18700C1C2C3 /* Models */ = {
			isa = PBXGroup;
			children = (
				1E5AEF9A2A26D56400C1C2C3 /* Users.swift */,
			);
			path = Models;
			sourceTree = "<group>";
		};
		1E5DCD142A226B6400F54CFA /* Extenions */ = {
			isa = PBXGroup;
			children = (
			);
			path = Extenions;
			sourceTree = "<group>";
		};
		1E5DCD152A226B7300F54CFA /* ReusableViews */ = {
			isa = PBXGroup;
			children = (
			);
			path = ReusableViews;
			sourceTree = "<group>";
		};
		1E5DCD162A226BB500F54CFA /* Modules */ = {
			isa = PBXGroup;
			children = (
				1E5DCD222A22872A00F54CFA /* FavouriteViewController */,
				1E5DCD1D2A22808C00F54CFA /* SearchViewController */,
			);
			path = Modules;
			sourceTree = "<group>";
		};
		1E5DCD172A226BC100F54CFA /* Services */ = {
			isa = PBXGroup;
			children = (
				1E5AEF9C2A26D8CE00C1C2C3 /* Network.swift */,
			);
			path = Services;
			sourceTree = "<group>";
		};
		1E5DCD182A226CFD00F54CFA /* CustomViews */ = {
			isa = PBXGroup;
			children = (
				1E5DCD192A226D3600F54CFA /* GFButton.swift */,
				1E5DCD1B2A2270B700F54CFA /* GFLabel.swift */,
				1E5DCD202A2282E300F54CFA /* GFTextField.swift */,
			);
			path = CustomViews;
			sourceTree = "<group>";
		};
		1E5DCD1D2A22808C00F54CFA /* SearchViewController */ = {
			isa = PBXGroup;
			children = (
				1E5DCD1E2A2280CF00F54CFA /* SearchViewController.swift */,
			);
			path = SearchViewController;
			sourceTree = "<group>";
		};
		1E5DCD222A22872A00F54CFA /* FavouriteViewController */ = {
			isa = PBXGroup;
			children = (
				1E5DCD232A22876B00F54CFA /* FaviourateViewController.swift */,
			);
			path = FavouriteViewController;
			sourceTree = "<group>";
		};
		1E9AB31D2A1C052400144D69 /* Generated */ = {
			isa = PBXGroup;
			children = (
				1E9AB31F2A1C0C7600144D69 /* Fonts.swift */,
				1E63CED32A26C1D100E39F32 /* UIImage.Generated.swift */,
			);
			path = Generated;
			sourceTree = "<group>";
		};
		1EE4CABC2A190B64005E6896 = {
			isa = PBXGroup;
			children = (
				1EE4CAC72A190B64005E6896 /* GitFollowers */,
				1EE4CAE12A190B67005E6896 /* GitFollowersTests */,
				1EE4CAEB2A190B67005E6896 /* GitFollowersUITests */,
				1EE4CAC62A190B64005E6896 /* Products */,
			);
			sourceTree = "<group>";
		};
		1EE4CAC62A190B64005E6896 /* Products */ = {
			isa = PBXGroup;
			children = (
				1EE4CAC52A190B64005E6896 /* GitFollowers.app */,
				1EE4CADE2A190B67005E6896 /* GitFollowersTests.xctest */,
				1EE4CAE82A190B67005E6896 /* GitFollowersUITests.xctest */,
			);
			name = Products;
			sourceTree = "<group>";
		};
		1EE4CAC72A190B64005E6896 /* GitFollowers */ = {
			isa = PBXGroup;
			children = (
				1EE4CAFB2A1977B7005E6896 /* Classes */,
				1EE4CAFC2A1977DA005E6896 /* Resources */,
			);
			path = GitFollowers;
			sourceTree = "<group>";
		};
		1EE4CAE12A190B67005E6896 /* GitFollowersTests */ = {
			isa = PBXGroup;
			children = (
				1EE4CAE22A190B67005E6896 /* GitFollowersTests.swift */,
			);
			path = GitFollowersTests;
			sourceTree = "<group>";
		};
		1EE4CAEB2A190B67005E6896 /* GitFollowersUITests */ = {
			isa = PBXGroup;
			children = (
				1EE4CAEC2A190B67005E6896 /* GitFollowersUITests.swift */,
				1EE4CAEE2A190B67005E6896 /* GitFollowersUITestsLaunchTests.swift */,
			);
			path = GitFollowersUITests;
			sourceTree = "<group>";
		};
		1EE4CAFB2A1977B7005E6896 /* Classes */ = {
			isa = PBXGroup;
			children = (
				1E5AEF992A26D18700C1C2C3 /* Models */,
				1E5DCD182A226CFD00F54CFA /* CustomViews */,
				1E5DCD172A226BC100F54CFA /* Services */,
				1E5DCD162A226BB500F54CFA /* Modules */,
				1E5DCD152A226B7300F54CFA /* ReusableViews */,
				1E5DCD142A226B6400F54CFA /* Extenions */,
				1E9AB31D2A1C052400144D69 /* Generated */,
				1EE4CACA2A190B64005E6896 /* SceneDelegate.swift */,
				1EE4CAC82A190B64005E6896 /* AppDelegate.swift */,
			);
			path = Classes;
			sourceTree = "<group>";
		};
		1EE4CAFC2A1977DA005E6896 /* Resources */ = {
			isa = PBXGroup;
			children = (
				1EE4CAD42A190B67005E6896 /* Assets.xcassets */,
				1EE4CAD92A190B67005E6896 /* Info.plist */,
			);
			path = Resources;
			sourceTree = "<group>";
		};
/* End PBXGroup section */

/* Begin PBXNativeTarget section */
		1EE4CAC42A190B64005E6896 /* GitFollowers */ = {
			isa = PBXNativeTarget;
			buildConfigurationList = 1EE4CAF22A190B67005E6896 /* Build configuration list for PBXNativeTarget "GitFollowers" */;
			buildPhases = (
				1EE4CAC12A190B64005E6896 /* Sources */,
				1EE4CAC22A190B64005E6896 /* Frameworks */,
				1EE4CAC32A190B64005E6896 /* Resources */,
				1E9AB31A2A1B906C00144D69 /* Swiftint */,
				1E9AB31E2A1C05A700144D69 /* SwiftGen */,
			);
			buildRules = (
			);
			dependencies = (
			);
			name = GitFollowers;
			productName = GitFollowers;
			productReference = 1EE4CAC52A190B64005E6896 /* GitFollowers.app */;
			productType = "com.apple.product-type.application";
		};
		1EE4CADD2A190B67005E6896 /* GitFollowersTests */ = {
			isa = PBXNativeTarget;
			buildConfigurationList = 1EE4CAF52A190B67005E6896 /* Build configuration list for PBXNativeTarget "GitFollowersTests" */;
			buildPhases = (
				1EE4CADA2A190B67005E6896 /* Sources */,
				1EE4CADB2A190B67005E6896 /* Frameworks */,
				1EE4CADC2A190B67005E6896 /* Resources */,
			);
			buildRules = (
			);
			dependencies = (
				1EE4CAE02A190B67005E6896 /* PBXTargetDependency */,
			);
			name = GitFollowersTests;
			productName = GitFollowersTests;
			productReference = 1EE4CADE2A190B67005E6896 /* GitFollowersTests.xctest */;
			productType = "com.apple.product-type.bundle.unit-test";
		};
		1EE4CAE72A190B67005E6896 /* GitFollowersUITests */ = {
			isa = PBXNativeTarget;
			buildConfigurationList = 1EE4CAF82A190B67005E6896 /* Build configuration list for PBXNativeTarget "GitFollowersUITests" */;
			buildPhases = (
				1EE4CAE42A190B67005E6896 /* Sources */,
				1EE4CAE52A190B67005E6896 /* Frameworks */,
				1EE4CAE62A190B67005E6896 /* Resources */,
			);
			buildRules = (
			);
			dependencies = (
				1EE4CAEA2A190B67005E6896 /* PBXTargetDependency */,
			);
			name = GitFollowersUITests;
			productName = GitFollowersUITests;
			productReference = 1EE4CAE82A190B67005E6896 /* GitFollowersUITests.xctest */;
			productType = "com.apple.product-type.bundle.ui-testing";
		};
/* End PBXNativeTarget section */

/* Begin PBXProject section */
		1EE4CABD2A190B64005E6896 /* Project object */ = {
			isa = PBXProject;
			attributes = {
				BuildIndependentTargetsInParallel = 1;
				LastSwiftUpdateCheck = 1430;
				LastUpgradeCheck = 1430;
				TargetAttributes = {
					1EE4CAC42A190B64005E6896 = {
						CreatedOnToolsVersion = 14.3;
					};
					1EE4CADD2A190B67005E6896 = {
						CreatedOnToolsVersion = 14.3;
						TestTargetID = 1EE4CAC42A190B64005E6896;
					};
					1EE4CAE72A190B67005E6896 = {
						CreatedOnToolsVersion = 14.3;
						TestTargetID = 1EE4CAC42A190B64005E6896;
					};
				};
			};
			buildConfigurationList = 1EE4CAC02A190B64005E6896 /* Build configuration list for PBXProject "GitFollowers" */;
			compatibilityVersion = "Xcode 14.0";
			developmentRegion = en;
			hasScannedForEncodings = 0;
			knownRegions = (
				en,
				Base,
			);
			mainGroup = 1EE4CABC2A190B64005E6896;
			productRefGroup = 1EE4CAC62A190B64005E6896 /* Products */;
			projectDirPath = "";
			projectRoot = "";
			targets = (
				1EE4CAC42A190B64005E6896 /* GitFollowers */,
				1EE4CADD2A190B67005E6896 /* GitFollowersTests */,
				1EE4CAE72A190B67005E6896 /* GitFollowersUITests */,
			);
		};
/* End PBXProject section */

/* Begin PBXResourcesBuildPhase section */
		1EE4CAC32A190B64005E6896 /* Resources */ = {
			isa = PBXResourcesBuildPhase;
			buildActionMask = 2147483647;
			files = (
				1EE4CAD52A190B67005E6896 /* Assets.xcassets in Resources */,
			);
			runOnlyForDeploymentPostprocessing = 0;
		};
		1EE4CADC2A190B67005E6896 /* Resources */ = {
			isa = PBXResourcesBuildPhase;
			buildActionMask = 2147483647;
			files = (
			);
			runOnlyForDeploymentPostprocessing = 0;
		};
		1EE4CAE62A190B67005E6896 /* Resources */ = {
			isa = PBXResourcesBuildPhase;
			buildActionMask = 2147483647;
			files = (
			);
			runOnlyForDeploymentPostprocessing = 0;
		};
/* End PBXResourcesBuildPhase section */

/* Begin PBXShellScriptBuildPhase section */
		1E9AB31A2A1B906C00144D69 /* Swiftint */ = {
			isa = PBXShellScriptBuildPhase;
			alwaysOutOfDate = 1;
			buildActionMask = 2147483647;
			files = (
			);
			inputFileListPaths = (
			);
			inputPaths = (
			);
			name = Swiftint;
			outputFileListPaths = (
			);
			outputPaths = (
			);
			runOnlyForDeploymentPostprocessing = 0;
			shellPath = /bin/sh;
			shellScript = "if [[ \"$(uname -m)\" == arm64 ]]; then\n    export PATH=\"/opt/homebrew/bin:$PATH\"\nfi\n\nif which swiftlint > /dev/null; then\n  swiftlint --fix && swiftlint --strict\n  \nelse\n  echo \"warning: SwiftLint not installed,download from https://github.com/realm/SwiftLint\"\nfi\n";
		};
		1E9AB31E2A1C05A700144D69 /* SwiftGen */ = {
			isa = PBXShellScriptBuildPhase;
			buildActionMask = 2147483647;
			files = (
			);
			inputFileListPaths = (
			);
			inputPaths = (
			);
			name = SwiftGen;
			outputFileListPaths = (
			);
			outputPaths = (
			);
			runOnlyForDeploymentPostprocessing = 0;
			shellPath = /bin/sh;
			shellScript = "# Type a script or drag a script file from your workspace to insert its path.\nif which swiftgen >/dev/null; then\n  swiftgen\nelse\n  echo \"warning: SwiftGen not installed, download it from https://github.com/SwiftGen/SwiftGen\"\nfi\n";
		};
/* End PBXShellScriptBuildPhase section */

/* Begin PBXSourcesBuildPhase section */
		1EE4CAC12A190B64005E6896 /* Sources */ = {
			isa = PBXSourcesBuildPhase;
			buildActionMask = 2147483647;
			files = (
				1E5DCD1F2A2280CF00F54CFA /* SearchViewController.swift in Sources */,
				1EE4CAC92A190B64005E6896 /* AppDelegate.swift in Sources */,
				1E9AB3202A1C0C7600144D69 /* Fonts.swift in Sources */,
				1E5DCD1A2A226D3600F54CFA /* GFButton.swift in Sources */,
				1EE4CACB2A190B64005E6896 /* SceneDelegate.swift in Sources */,
				1E5AEF9D2A26D8CE00C1C2C3 /* Network.swift in Sources */,
				1E5DCD1C2A2270B700F54CFA /* GFLabel.swift in Sources */,
				1E5DCD242A22876C00F54CFA /* FaviourateViewController.swift in Sources */,
				1E63CED42A26C1D100E39F32 /* UIImage.Generated.swift in Sources */,
				1E5AEF9B2A26D56400C1C2C3 /* Users.swift in Sources */,
				1E5DCD212A2282E300F54CFA /* GFTextField.swift in Sources */,
			);
			runOnlyForDeploymentPostprocessing = 0;
		};
		1EE4CADA2A190B67005E6896 /* Sources */ = {
			isa = PBXSourcesBuildPhase;
			buildActionMask = 2147483647;
			files = (
				1EE4CAE32A190B67005E6896 /* GitFollowersTests.swift in Sources */,
			);
			runOnlyForDeploymentPostprocessing = 0;
		};
		1EE4CAE42A190B67005E6896 /* Sources */ = {
			isa = PBXSourcesBuildPhase;
			buildActionMask = 2147483647;
			files = (
				1EE4CAED2A190B67005E6896 /* GitFollowersUITests.swift in Sources */,
				1EE4CAEF2A190B67005E6896 /* GitFollowersUITestsLaunchTests.swift in Sources */,
			);
			runOnlyForDeploymentPostprocessing = 0;
		};
/* End PBXSourcesBuildPhase section */

/* Begin PBXTargetDependency section */
		1EE4CAE02A190B67005E6896 /* PBXTargetDependency */ = {
			isa = PBXTargetDependency;
			target = 1EE4CAC42A190B64005E6896 /* GitFollowers */;
			targetProxy = 1EE4CADF2A190B67005E6896 /* PBXContainerItemProxy */;
		};
		1EE4CAEA2A190B67005E6896 /* PBXTargetDependency */ = {
			isa = PBXTargetDependency;
			target = 1EE4CAC42A190B64005E6896 /* GitFollowers */;
			targetProxy = 1EE4CAE92A190B67005E6896 /* PBXContainerItemProxy */;
		};
/* End PBXTargetDependency section */

/* Begin XCBuildConfiguration section */
		1EE4CAF02A190B67005E6896 /* Debug */ = {
			isa = XCBuildConfiguration;
			buildSettings = {
				ALWAYS_SEARCH_USER_PATHS = NO;
				CLANG_ANALYZER_NONNULL = YES;
				CLANG_ANALYZER_NUMBER_OBJECT_CONVERSION = YES_AGGRESSIVE;
				CLANG_CXX_LANGUAGE_STANDARD = "gnu++20";
				CLANG_ENABLE_MODULES = YES;
				CLANG_ENABLE_OBJC_ARC = YES;
				CLANG_ENABLE_OBJC_WEAK = YES;
				CLANG_WARN_BLOCK_CAPTURE_AUTORELEASING = YES;
				CLANG_WARN_BOOL_CONVERSION = YES;
				CLANG_WARN_COMMA = YES;
				CLANG_WARN_CONSTANT_CONVERSION = YES;
				CLANG_WARN_DEPRECATED_OBJC_IMPLEMENTATIONS = YES;
				CLANG_WARN_DIRECT_OBJC_ISA_USAGE = YES_ERROR;
				CLANG_WARN_DOCUMENTATION_COMMENTS = YES;
				CLANG_WARN_EMPTY_BODY = YES;
				CLANG_WARN_ENUM_CONVERSION = YES;
				CLANG_WARN_INFINITE_RECURSION = YES;
				CLANG_WARN_INT_CONVERSION = YES;
				CLANG_WARN_NON_LITERAL_NULL_CONVERSION = YES;
				CLANG_WARN_OBJC_IMPLICIT_RETAIN_SELF = YES;
				CLANG_WARN_OBJC_LITERAL_CONVERSION = YES;
				CLANG_WARN_OBJC_ROOT_CLASS = YES_ERROR;
				CLANG_WARN_QUOTED_INCLUDE_IN_FRAMEWORK_HEADER = YES;
				CLANG_WARN_RANGE_LOOP_ANALYSIS = YES;
				CLANG_WARN_STRICT_PROTOTYPES = YES;
				CLANG_WARN_SUSPICIOUS_MOVE = YES;
				CLANG_WARN_UNGUARDED_AVAILABILITY = YES_AGGRESSIVE;
				CLANG_WARN_UNREACHABLE_CODE = YES;
				CLANG_WARN__DUPLICATE_METHOD_MATCH = YES;
				COPY_PHASE_STRIP = NO;
				DEBUG_INFORMATION_FORMAT = dwarf;
				ENABLE_STRICT_OBJC_MSGSEND = YES;
				ENABLE_TESTABILITY = YES;
				GCC_C_LANGUAGE_STANDARD = gnu11;
				GCC_DYNAMIC_NO_PIC = NO;
				GCC_NO_COMMON_BLOCKS = YES;
				GCC_OPTIMIZATION_LEVEL = 0;
				GCC_PREPROCESSOR_DEFINITIONS = (
					"DEBUG=1",
					"$(inherited)",
				);
				GCC_WARN_64_TO_32_BIT_CONVERSION = YES;
				GCC_WARN_ABOUT_RETURN_TYPE = YES_ERROR;
				GCC_WARN_UNDECLARED_SELECTOR = YES;
				GCC_WARN_UNINITIALIZED_AUTOS = YES_AGGRESSIVE;
				GCC_WARN_UNUSED_FUNCTION = YES;
				GCC_WARN_UNUSED_VARIABLE = YES;
				IPHONEOS_DEPLOYMENT_TARGET = 16.4;
				MTL_ENABLE_DEBUG_INFO = INCLUDE_SOURCE;
				MTL_FAST_MATH = YES;
				ONLY_ACTIVE_ARCH = YES;
				SDKROOT = iphoneos;
				SWIFT_ACTIVE_COMPILATION_CONDITIONS = DEBUG;
				SWIFT_OPTIMIZATION_LEVEL = "-Onone";
			};
			name = Debug;
		};
		1EE4CAF12A190B67005E6896 /* Release */ = {
			isa = XCBuildConfiguration;
			buildSettings = {
				ALWAYS_SEARCH_USER_PATHS = NO;
				CLANG_ANALYZER_NONNULL = YES;
				CLANG_ANALYZER_NUMBER_OBJECT_CONVERSION = YES_AGGRESSIVE;
				CLANG_CXX_LANGUAGE_STANDARD = "gnu++20";
				CLANG_ENABLE_MODULES = YES;
				CLANG_ENABLE_OBJC_ARC = YES;
				CLANG_ENABLE_OBJC_WEAK = YES;
				CLANG_WARN_BLOCK_CAPTURE_AUTORELEASING = YES;
				CLANG_WARN_BOOL_CONVERSION = YES;
				CLANG_WARN_COMMA = YES;
				CLANG_WARN_CONSTANT_CONVERSION = YES;
				CLANG_WARN_DEPRECATED_OBJC_IMPLEMENTATIONS = YES;
				CLANG_WARN_DIRECT_OBJC_ISA_USAGE = YES_ERROR;
				CLANG_WARN_DOCUMENTATION_COMMENTS = YES;
				CLANG_WARN_EMPTY_BODY = YES;
				CLANG_WARN_ENUM_CONVERSION = YES;
				CLANG_WARN_INFINITE_RECURSION = YES;
				CLANG_WARN_INT_CONVERSION = YES;
				CLANG_WARN_NON_LITERAL_NULL_CONVERSION = YES;
				CLANG_WARN_OBJC_IMPLICIT_RETAIN_SELF = YES;
				CLANG_WARN_OBJC_LITERAL_CONVERSION = YES;
				CLANG_WARN_OBJC_ROOT_CLASS = YES_ERROR;
				CLANG_WARN_QUOTED_INCLUDE_IN_FRAMEWORK_HEADER = YES;
				CLANG_WARN_RANGE_LOOP_ANALYSIS = YES;
				CLANG_WARN_STRICT_PROTOTYPES = YES;
				CLANG_WARN_SUSPICIOUS_MOVE = YES;
				CLANG_WARN_UNGUARDED_AVAILABILITY = YES_AGGRESSIVE;
				CLANG_WARN_UNREACHABLE_CODE = YES;
				CLANG_WARN__DUPLICATE_METHOD_MATCH = YES;
				COPY_PHASE_STRIP = NO;
				DEBUG_INFORMATION_FORMAT = "dwarf-with-dsym";
				ENABLE_NS_ASSERTIONS = NO;
				ENABLE_STRICT_OBJC_MSGSEND = YES;
				GCC_C_LANGUAGE_STANDARD = gnu11;
				GCC_NO_COMMON_BLOCKS = YES;
				GCC_WARN_64_TO_32_BIT_CONVERSION = YES;
				GCC_WARN_ABOUT_RETURN_TYPE = YES_ERROR;
				GCC_WARN_UNDECLARED_SELECTOR = YES;
				GCC_WARN_UNINITIALIZED_AUTOS = YES_AGGRESSIVE;
				GCC_WARN_UNUSED_FUNCTION = YES;
				GCC_WARN_UNUSED_VARIABLE = YES;
				IPHONEOS_DEPLOYMENT_TARGET = 16.4;
				MTL_ENABLE_DEBUG_INFO = NO;
				MTL_FAST_MATH = YES;
				SDKROOT = iphoneos;
				SWIFT_COMPILATION_MODE = wholemodule;
				SWIFT_OPTIMIZATION_LEVEL = "-O";
				VALIDATE_PRODUCT = YES;
			};
			name = Release;
		};
		1EE4CAF32A190B67005E6896 /* Debug */ = {
			isa = XCBuildConfiguration;
			buildSettings = {
				ASSETCATALOG_COMPILER_APPICON_NAME = AppIcon;
				ASSETCATALOG_COMPILER_GLOBAL_ACCENT_COLOR_NAME = AccentColor;
				CODE_SIGN_STYLE = Automatic;
				CURRENT_PROJECT_VERSION = 1;
				GENERATE_INFOPLIST_FILE = YES;
				INFOPLIST_FILE = GitFollowers/Resources/Info.plist;
				INFOPLIST_KEY_UIApplicationSupportsIndirectInputEvents = YES;
				INFOPLIST_KEY_UILaunchStoryboardName = LaunchScreen;
				INFOPLIST_KEY_UISupportedInterfaceOrientations_iPad = "UIInterfaceOrientationPortrait UIInterfaceOrientationPortraitUpsideDown UIInterfaceOrientationLandscapeLeft UIInterfaceOrientationLandscapeRight";
				INFOPLIST_KEY_UISupportedInterfaceOrientations_iPhone = "UIInterfaceOrientationPortrait UIInterfaceOrientationLandscapeLeft UIInterfaceOrientationLandscapeRight";
				LD_RUNPATH_SEARCH_PATHS = (
					"$(inherited)",
					"@executable_path/Frameworks",
				);
				MARKETING_VERSION = 1.0;
				PRODUCT_BUNDLE_IDENTIFIER = com.iti.GitFollowers;
				PRODUCT_NAME = "$(TARGET_NAME)";
				SWIFT_EMIT_LOC_STRINGS = YES;
				SWIFT_VERSION = 5.0;
				TARGETED_DEVICE_FAMILY = "1,2";
			};
			name = Debug;
		};
		1EE4CAF42A190B67005E6896 /* Release */ = {
			isa = XCBuildConfiguration;
			buildSettings = {
				ASSETCATALOG_COMPILER_APPICON_NAME = AppIcon;
				ASSETCATALOG_COMPILER_GLOBAL_ACCENT_COLOR_NAME = AccentColor;
				CODE_SIGN_STYLE = Automatic;
				CURRENT_PROJECT_VERSION = 1;
				GENERATE_INFOPLIST_FILE = YES;
				INFOPLIST_FILE = GitFollowers/Resources/Info.plist;
				INFOPLIST_KEY_UIApplicationSupportsIndirectInputEvents = YES;
				INFOPLIST_KEY_UILaunchStoryboardName = LaunchScreen;
				INFOPLIST_KEY_UISupportedInterfaceOrientations_iPad = "UIInterfaceOrientationPortrait UIInterfaceOrientationPortraitUpsideDown UIInterfaceOrientationLandscapeLeft UIInterfaceOrientationLandscapeRight";
				INFOPLIST_KEY_UISupportedInterfaceOrientations_iPhone = "UIInterfaceOrientationPortrait UIInterfaceOrientationLandscapeLeft UIInterfaceOrientationLandscapeRight";
				LD_RUNPATH_SEARCH_PATHS = (
					"$(inherited)",
					"@executable_path/Frameworks",
				);
				MARKETING_VERSION = 1.0;
				PRODUCT_BUNDLE_IDENTIFIER = com.iti.GitFollowers;
				PRODUCT_NAME = "$(TARGET_NAME)";
				SWIFT_EMIT_LOC_STRINGS = YES;
				SWIFT_VERSION = 5.0;
				TARGETED_DEVICE_FAMILY = "1,2";
			};
			name = Release;
		};
		1EE4CAF62A190B67005E6896 /* Debug */ = {
			isa = XCBuildConfiguration;
			buildSettings = {
				ALWAYS_EMBED_SWIFT_STANDARD_LIBRARIES = YES;
				BUNDLE_LOADER = "$(TEST_HOST)";
				CODE_SIGN_STYLE = Automatic;
				CURRENT_PROJECT_VERSION = 1;
				GENERATE_INFOPLIST_FILE = YES;
				IPHONEOS_DEPLOYMENT_TARGET = 16.4;
				MARKETING_VERSION = 1.0;
				PRODUCT_BUNDLE_IDENTIFIER = com.iti.GitFollowersTests;
				PRODUCT_NAME = "$(TARGET_NAME)";
				SWIFT_EMIT_LOC_STRINGS = NO;
				SWIFT_VERSION = 5.0;
				TARGETED_DEVICE_FAMILY = "1,2";
				TEST_HOST = "$(BUILT_PRODUCTS_DIR)/GitFollowers.app/$(BUNDLE_EXECUTABLE_FOLDER_PATH)/GitFollowers";
			};
			name = Debug;
		};
		1EE4CAF72A190B67005E6896 /* Release */ = {
			isa = XCBuildConfiguration;
			buildSettings = {
				ALWAYS_EMBED_SWIFT_STANDARD_LIBRARIES = YES;
				BUNDLE_LOADER = "$(TEST_HOST)";
				CODE_SIGN_STYLE = Automatic;
				CURRENT_PROJECT_VERSION = 1;
				GENERATE_INFOPLIST_FILE = YES;
				IPHONEOS_DEPLOYMENT_TARGET = 16.4;
				MARKETING_VERSION = 1.0;
				PRODUCT_BUNDLE_IDENTIFIER = com.iti.GitFollowersTests;
				PRODUCT_NAME = "$(TARGET_NAME)";
				SWIFT_EMIT_LOC_STRINGS = NO;
				SWIFT_VERSION = 5.0;
				TARGETED_DEVICE_FAMILY = "1,2";
				TEST_HOST = "$(BUILT_PRODUCTS_DIR)/GitFollowers.app/$(BUNDLE_EXECUTABLE_FOLDER_PATH)/GitFollowers";
			};
			name = Release;
		};
		1EE4CAF92A190B67005E6896 /* Debug */ = {
			isa = XCBuildConfiguration;
			buildSettings = {
				ALWAYS_EMBED_SWIFT_STANDARD_LIBRARIES = YES;
				CODE_SIGN_STYLE = Automatic;
				CURRENT_PROJECT_VERSION = 1;
				GENERATE_INFOPLIST_FILE = YES;
				MARKETING_VERSION = 1.0;
				PRODUCT_BUNDLE_IDENTIFIER = com.iti.GitFollowersUITests;
				PRODUCT_NAME = "$(TARGET_NAME)";
				SWIFT_EMIT_LOC_STRINGS = NO;
				SWIFT_VERSION = 5.0;
				TARGETED_DEVICE_FAMILY = "1,2";
				TEST_TARGET_NAME = GitFollowers;
			};
			name = Debug;
		};
		1EE4CAFA2A190B67005E6896 /* Release */ = {
			isa = XCBuildConfiguration;
			buildSettings = {
				ALWAYS_EMBED_SWIFT_STANDARD_LIBRARIES = YES;
				CODE_SIGN_STYLE = Automatic;
				CURRENT_PROJECT_VERSION = 1;
				GENERATE_INFOPLIST_FILE = YES;
				MARKETING_VERSION = 1.0;
				PRODUCT_BUNDLE_IDENTIFIER = com.iti.GitFollowersUITests;
				PRODUCT_NAME = "$(TARGET_NAME)";
				SWIFT_EMIT_LOC_STRINGS = NO;
				SWIFT_VERSION = 5.0;
				TARGETED_DEVICE_FAMILY = "1,2";
				TEST_TARGET_NAME = GitFollowers;
			};
			name = Release;
		};
/* End XCBuildConfiguration section */

/* Begin XCConfigurationList section */
		1EE4CAC02A190B64005E6896 /* Build configuration list for PBXProject "GitFollowers" */ = {
			isa = XCConfigurationList;
			buildConfigurations = (
				1EE4CAF02A190B67005E6896 /* Debug */,
				1EE4CAF12A190B67005E6896 /* Release */,
			);
			defaultConfigurationIsVisible = 0;
			defaultConfigurationName = Release;
		};
		1EE4CAF22A190B67005E6896 /* Build configuration list for PBXNativeTarget "GitFollowers" */ = {
			isa = XCConfigurationList;
			buildConfigurations = (
				1EE4CAF32A190B67005E6896 /* Debug */,
				1EE4CAF42A190B67005E6896 /* Release */,
			);
			defaultConfigurationIsVisible = 0;
			defaultConfigurationName = Release;
		};
		1EE4CAF52A190B67005E6896 /* Build configuration list for PBXNativeTarget "GitFollowersTests" */ = {
			isa = XCConfigurationList;
			buildConfigurations = (
				1EE4CAF62A190B67005E6896 /* Debug */,
				1EE4CAF72A190B67005E6896 /* Release */,
			);
			defaultConfigurationIsVisible = 0;
			defaultConfigurationName = Release;
		};
		1EE4CAF82A190B67005E6896 /* Build configuration list for PBXNativeTarget "GitFollowersUITests" */ = {
			isa = XCConfigurationList;
			buildConfigurations = (
				1EE4CAF92A190B67005E6896 /* Debug */,
				1EE4CAFA2A190B67005E6896 /* Release */,
			);
			defaultConfigurationIsVisible = 0;
			defaultConfigurationName = Release;
		};
/* End XCConfigurationList section */
	};
	rootObject = 1EE4CABD2A190B64005E6896 /* Project object */;
}
